
Microsoft Visual Studio Solution File, Format Version 12.00
# Visual Studio Version 16
VisualStudioVersion = 16.0.30114.105
MinimumVisualStudioVersion = 10.0.40219.1
Project("{FAE04EC0-301F-11D3-BF4B-00C04F79EFBC}") = "CommunityEpidemicManagementSystem", "CommunityEpidemicManagementSystem\CommunityEpidemicManagementSystem.csproj", "{1C8F74C7-FD91-47F7-A7CD-8A0311314DAB}"
EndProject
Global
	GlobalSection(SolutionConfigurationPlatforms) = preSolution
		Debug|Any CPU = Debug|Any CPU
		Release|Any CPU = Release|Any CPU
	EndGlobalSection
	GlobalSection(ProjectConfigurationPlatforms) = postSolution
		{1C8F74C7-FD91-47F7-A7CD-8A0311314DAB}.Debug|Any CPU.ActiveCfg = Debug|Any CPU
		{1C8F74C7-FD91-47F7-A7CD-8A0311314DAB}.Debug|Any CPU.Build.0 = Debug|Any CPU
		{1C8F74C7-FD91-47F7-A7CD-8A0311314DAB}.Release|Any CPU.ActiveCfg = Release|Any CPU
		{1C8F74C7-FD91-47F7-A7CD-8A0311314DAB}.Release|Any CPU.Build.0 = Release|Any CPU
	EndGlobalSection
	GlobalSection(SolutionProperties) = preSolution
		HideSolutionNode = FALSE
	EndGlobalSection
	GlobalSection(ExtensibilityGlobals) = postSolution
		SolutionGuid = {1D74C506-128D-4E9F-97E5-F95E4E8AB2D2}
	EndGlobalSection
EndGlobal
